
Microsoft Visual Studio Solution File, Format Version 12.00
# Visual Studio 14
VisualStudioVersion = 14.0.25123.0
MinimumVisualStudioVersion = 10.0.40219.1
Project("{FAE04EC0-301F-11D3-BF4B-00C04F79EFBC}") = "Bizagi.Proxy.Layer", "Bizagi.Proxy.Layer\Bizagi.Proxy.Layer.csproj", "{FDC03423-0C9D-46F9-BEC2-D856715A1B80}"
EndProject
Project("{FAE04EC0-301F-11D3-BF4B-00C04F79EFBC}") = "Bizagi.Proxy.Layer.BusinessObjects", "Bizagi.Proxy.Layer.BusinessObjects\Bizagi.Proxy.Layer.BusinessObjects.csproj", "{754147E9-BEBC-42BF-8ABE-F5743FC40C91}"
EndProject
Project("{FAE04EC0-301F-11D3-BF4B-00C04F79EFBC}") = "Bizagi.Proxy.Layer.Manager", "Bizagi.Proxy.Layer.Manager\Bizagi.Proxy.Layer.Manager.csproj", "{A1EA6FDF-DEA7-40CD-900F-1FA891CFE249}"
EndProject
Project("{FAE04EC0-301F-11D3-BF4B-00C04F79EFBC}") = "Bizagi.Proxy.Layer.HUB", "Bizagi.Proxy.Layer.HUB\Bizagi.Proxy.Layer.HUB.csproj", "{D5B2EA08-1506-4274-A4B0-C58235A057F3}"
EndProject
Project("{FAE04EC0-301F-11D3-BF4B-00C04F79EFBC}") = "Bizagi.Proxy.Layer.Util", "Bizagi.Proxy.Layer.Util\Bizagi.Proxy.Layer.Util.csproj", "{C0B50E83-D536-40F0-9F0F-AB9313FBD9BC}"
EndProject
Global
	GlobalSection(SolutionConfigurationPlatforms) = preSolution
		Debug|Any CPU = Debug|Any CPU
		Debug|x86 = Debug|x86
		Release|Any CPU = Release|Any CPU
		Release|x86 = Release|x86
	EndGlobalSection
	GlobalSection(ProjectConfigurationPlatforms) = postSolution
		{FDC03423-0C9D-46F9-BEC2-D856715A1B80}.Debug|Any CPU.ActiveCfg = Debug|Any CPU
		{FDC03423-0C9D-46F9-BEC2-D856715A1B80}.Debug|Any CPU.Build.0 = Debug|Any CPU
		{FDC03423-0C9D-46F9-BEC2-D856715A1B80}.Debug|x86.ActiveCfg = Debug|Any CPU
		{FDC03423-0C9D-46F9-BEC2-D856715A1B80}.Debug|x86.Build.0 = Debug|Any CPU
		{FDC03423-0C9D-46F9-BEC2-D856715A1B80}.Release|Any CPU.ActiveCfg = Release|Any CPU
		{FDC03423-0C9D-46F9-BEC2-D856715A1B80}.Release|Any CPU.Build.0 = Release|Any CPU
		{FDC03423-0C9D-46F9-BEC2-D856715A1B80}.Release|x86.ActiveCfg = Release|Any CPU
		{FDC03423-0C9D-46F9-BEC2-D856715A1B80}.Release|x86.Build.0 = Release|Any CPU
		{754147E9-BEBC-42BF-8ABE-F5743FC40C91}.Debug|Any CPU.ActiveCfg = Debug|Any CPU
		{754147E9-BEBC-42BF-8ABE-F5743FC40C91}.Debug|Any CPU.Build.0 = Debug|Any CPU
		{754147E9-BEBC-42BF-8ABE-F5743FC40C91}.Debug|x86.ActiveCfg = Debug|Any CPU
		{754147E9-BEBC-42BF-8ABE-F5743FC40C91}.Debug|x86.Build.0 = Debug|Any CPU
		{754147E9-BEBC-42BF-8ABE-F5743FC40C91}.Release|Any CPU.ActiveCfg = Release|Any CPU
		{754147E9-BEBC-42BF-8ABE-F5743FC40C91}.Release|Any CPU.Build.0 = Release|Any CPU
		{754147E9-BEBC-42BF-8ABE-F5743FC40C91}.Release|x86.ActiveCfg = Release|Any CPU
		{754147E9-BEBC-42BF-8ABE-F5743FC40C91}.Release|x86.Build.0 = Release|Any CPU
		{A1EA6FDF-DEA7-40CD-900F-1FA891CFE249}.Debug|Any CPU.ActiveCfg = Debug|Any CPU
		{A1EA6FDF-DEA7-40CD-900F-1FA891CFE249}.Debug|Any CPU.Build.0 = Debug|Any CPU
		{A1EA6FDF-DEA7-40CD-900F-1FA891CFE249}.Debug|x86.ActiveCfg = Debug|Any CPU
		{A1EA6FDF-DEA7-40CD-900F-1FA891CFE249}.Debug|x86.Build.0 = Debug|Any CPU
		{A1EA6FDF-DEA7-40CD-900F-1FA891CFE249}.Release|Any CPU.ActiveCfg = Release|Any CPU
		{A1EA6FDF-DEA7-40CD-900F-1FA891CFE249}.Release|Any CPU.Build.0 = Release|Any CPU
		{A1EA6FDF-DEA7-40CD-900F-1FA891CFE249}.Release|x86.ActiveCfg = Release|Any CPU
		{A1EA6FDF-DEA7-40CD-900F-1FA891CFE249}.Release|x86.Build.0 = Release|Any CPU
		{D5B2EA08-1506-4274-A4B0-C58235A057F3}.Debug|Any CPU.ActiveCfg = Debug|Any CPU
		{D5B2EA08-1506-4274-A4B0-C58235A057F3}.Debug|Any CPU.Build.0 = Debug|Any CPU
		{D5B2EA08-1506-4274-A4B0-C58235A057F3}.Debug|x86.ActiveCfg = Debug|Any CPU
		{D5B2EA08-1506-4274-A4B0-C58235A057F3}.Debug|x86.Build.0 = Debug|Any CPU
		{D5B2EA08-1506-4274-A4B0-C58235A057F3}.Release|Any CPU.ActiveCfg = Release|Any CPU
		{D5B2EA08-1506-4274-A4B0-C58235A057F3}.Release|Any CPU.Build.0 = Release|Any CPU
		{D5B2EA08-1506-4274-A4B0-C58235A057F3}.Release|x86.ActiveCfg = Release|Any CPU
		{D5B2EA08-1506-4274-A4B0-C58235A057F3}.Release|x86.Build.0 = Release|Any CPU
		{C0B50E83-D536-40F0-9F0F-AB9313FBD9BC}.Debug|Any CPU.ActiveCfg = Debug|Any CPU
		{C0B50E83-D536-40F0-9F0F-AB9313FBD9BC}.Debug|Any CPU.Build.0 = Debug|Any CPU
		{C0B50E83-D536-40F0-9F0F-AB9313FBD9BC}.Debug|x86.ActiveCfg = Debug|Any CPU
		{C0B50E83-D536-40F0-9F0F-AB9313FBD9BC}.Debug|x86.Build.0 = Debug|Any CPU
		{C0B50E83-D536-40F0-9F0F-AB9313FBD9BC}.Release|Any CPU.ActiveCfg = Release|Any CPU
		{C0B50E83-D536-40F0-9F0F-AB9313FBD9BC}.Release|Any CPU.Build.0 = Release|Any CPU
		{C0B50E83-D536-40F0-9F0F-AB9313FBD9BC}.Release|x86.ActiveCfg = Release|Any CPU
		{C0B50E83-D536-40F0-9F0F-AB9313FBD9BC}.Release|x86.Build.0 = Release|Any CPU
	EndGlobalSection
	GlobalSection(SolutionProperties) = preSolution
		HideSolutionNode = FALSE
	EndGlobalSection
EndGlobal
